
Microsoft Visual Studio Solution File, Format Version 12.00
# Visual Studio Version 16
VisualStudioVersion = 16.0.31624.102
MinimumVisualStudioVersion = 10.0.40219.1
Project("{FAE04EC0-301F-11D3-BF4B-00C04F79EFBC}") = "Manhattan", "Manhattan\Manhattan.csproj", "{C5FC5FAD-4AA0-49A6-9BC3-47723B0230FD}"
EndProject
Global
	GlobalSection(SolutionConfigurationPlatforms) = preSolution
		Debug|Any CPU = Debug|Any CPU
		Release|Any CPU = Release|Any CPU
	EndGlobalSection
	GlobalSection(ProjectConfigurationPlatforms) = postSolution
		{C5FC5FAD-4AA0-49A6-9BC3-47723B0230FD}.Debug|Any CPU.ActiveCfg = Debug|Any CPU
		{C5FC5FAD-4AA0-49A6-9BC3-47723B0230FD}.Debug|Any CPU.Build.0 = Debug|Any CPU
		{C5FC5FAD-4AA0-49A6-9BC3-47723B0230FD}.Release|Any CPU.ActiveCfg = Release|Any CPU
		{C5FC5FAD-4AA0-49A6-9BC3-47723B0230FD}.Release|Any CPU.Build.0 = Release|Any CPU
	EndGlobalSection
	GlobalSection(SolutionProperties) = preSolution
		HideSolutionNode = FALSE
	EndGlobalSection
	GlobalSection(ExtensibilityGlobals) = postSolution
		SolutionGuid = {7DD64AA4-49BC-4408-AD9E-17EBE43BC8EE}
	EndGlobalSection
EndGlobal
